
Microsoft Visual Studio Solution File, Format Version 12.00
# Visual Studio 15
VisualStudioVersion = 15.0.27703.2035
MinimumVisualStudioVersion = 10.0.40219.1
Project("{FAE04EC0-301F-11D3-BF4B-00C04F79EFBC}") = "WebApplication2", "WebApplication2\WebApplication2.csproj", "{DE3D4A57-C289-4A20-9E11-4E9F2A26DFDC}"
EndProject
Global
	GlobalSection(SolutionConfigurationPlatforms) = preSolution
		Debug|Any CPU = Debug|Any CPU
		Release|Any CPU = Release|Any CPU
	EndGlobalSection
	GlobalSection(ProjectConfigurationPlatforms) = postSolution
		{DE3D4A57-C289-4A20-9E11-4E9F2A26DFDC}.Debug|Any CPU.ActiveCfg = Debug|Any CPU
		{DE3D4A57-C289-4A20-9E11-4E9F2A26DFDC}.Debug|Any CPU.Build.0 = Debug|Any CPU
		{DE3D4A57-C289-4A20-9E11-4E9F2A26DFDC}.Release|Any CPU.ActiveCfg = Release|Any CPU
		{DE3D4A57-C289-4A20-9E11-4E9F2A26DFDC}.Release|Any CPU.Build.0 = Release|Any CPU
	EndGlobalSection
	GlobalSection(SolutionProperties) = preSolution
		HideSolutionNode = FALSE
	EndGlobalSection
	GlobalSection(ExtensibilityGlobals) = postSolution
		SolutionGuid = {39E42451-BD11-4DCE-9EAE-0598597DC0F2}
	EndGlobalSection
EndGlobal
